
Microsoft Visual Studio Solution File, Format Version 12.00
# Visual Studio Version 16
VisualStudioVersion = 16.0.31729.503
MinimumVisualStudioVersion = 10.0.40219.1
Project("{8BC9CEB8-8B4A-11D0-8D11-00A0C91BC942}") = "Project1", "Project1\Project1.vcxproj", "{737797A9-F35F-4195-8E83-B157CCD7DE1A}"
EndProject
Global
	GlobalSection(SolutionConfigurationPlatforms) = preSolution
		Debug|x64 = Debug|x64
		Debug|x86 = Debug|x86
		Release|x64 = Release|x64
		Release|x86 = Release|x86
	EndGlobalSection
	GlobalSection(ProjectConfigurationPlatforms) = postSolution
		{737797A9-F35F-4195-8E83-B157CCD7DE1A}.Debug|x64.ActiveCfg = Debug|x64
		{737797A9-F35F-4195-8E83-B157CCD7DE1A}.Debug|x64.Build.0 = Debug|x64
		{737797A9-F35F-4195-8E83-B157CCD7DE1A}.Debug|x86.ActiveCfg = Debug|Win32
		{737797A9-F35F-4195-8E83-B157CCD7DE1A}.Debug|x86.Build.0 = Debug|Win32
		{737797A9-F35F-4195-8E83-B157CCD7DE1A}.Release|x64.ActiveCfg = Release|x64
		{737797A9-F35F-4195-8E83-B157CCD7DE1A}.Release|x64.Build.0 = Release|x64
		{737797A9-F35F-4195-8E83-B157CCD7DE1A}.Release|x86.ActiveCfg = Release|Win32
		{737797A9-F35F-4195-8E83-B157CCD7DE1A}.Release|x86.Build.0 = Release|Win32
	EndGlobalSection
	GlobalSection(SolutionProperties) = preSolution
		HideSolutionNode = FALSE
	EndGlobalSection
	GlobalSection(ExtensibilityGlobals) = postSolution
		SolutionGuid = {BE39D221-9FB6-4D8A-A890-EA5779CF75DE}
	EndGlobalSection
EndGlobal
